
Microsoft Visual Studio Solution File, Format Version 12.00
# Visual Studio Version 17
VisualStudioVersion = 17.5.33627.172
MinimumVisualStudioVersion = 10.0.40219.1
Project("{9A19103F-16F7-4668-BE54-9A1E7A4F7556}") = "Fohjin.DDD.Reporting", "Fohjin.DDD.Reporting\Fohjin.DDD.Reporting.csproj", "{0E86D5C6-929D-4304-A00D-ADC9FB2AFE77}"
EndProject
Project("{9A19103F-16F7-4668-BE54-9A1E7A4F7556}") = "Test.Fohjin.DDD", "Test.Fohjin.DDD\Test.Fohjin.DDD.csproj", "{CEBF24CE-3326-464B-B6C5-463E7F4BF4BC}"
EndProject
Project("{9A19103F-16F7-4668-BE54-9A1E7A4F7556}") = "Fohjin.DDD.CommandHandlers", "Fohjin.DDD.CommandHandlers\Fohjin.DDD.CommandHandlers.csproj", "{7757DA0F-CD51-4753-95C8-8632177AA60E}"
EndProject
Project("{9A19103F-16F7-4668-BE54-9A1E7A4F7556}") = "Fohjin.DDD.Configuration", "Fohjin.DDD.Configuration\Fohjin.DDD.Configuration.csproj", "{CF50373D-3EB9-492D-A88F-70D7D6756DFF}"
EndProject
Project("{9A19103F-16F7-4668-BE54-9A1E7A4F7556}") = "Fohjin.DDD.BankApplication", "Fohjin.DDD.BankApplication\Fohjin.DDD.BankApplication.csproj", "{672A4AB0-6972-49F1-86A6-C2B7DE5AD4D4}"
EndProject
Project("{9A19103F-16F7-4668-BE54-9A1E7A4F7556}") = "Fohjin.DDD.EventHandlers", "Fohjin.DDD.EventHandlers\Fohjin.DDD.EventHandlers.csproj", "{2A96D452-7D1D-4118-B3D4-8EF543D1FBCB}"
EndProject
Project("{9A19103F-16F7-4668-BE54-9A1E7A4F7556}") = "Fohjin.DDD.EventStore.SQLite", "Fohjin.DDD.EventStore.SQLite\Fohjin.DDD.EventStore.SQLite.csproj", "{8DE1C044-594E-4A85-8244-FE059BF4825B}"
EndProject
Project("{9A19103F-16F7-4668-BE54-9A1E7A4F7556}") = "Fohjin.DDD.Services", "Fohjin.DDD.Services\Fohjin.DDD.Services.csproj", "{B2428304-1BF2-4BCB-B250-7D09E536560A}"
EndProject
Project("{9A19103F-16F7-4668-BE54-9A1E7A4F7556}") = "Fohjin.DDD.EventStore", "Fohjin.DDD.EventStore\Fohjin.DDD.EventStore.csproj", "{318F1FE0-DA43-4A02-9956-361C9FE96915}"
EndProject
Project("{9A19103F-16F7-4668-BE54-9A1E7A4F7556}") = "Fohjin.DDD.Bus", "Fohjin.DDD.Bus\Fohjin.DDD.Bus.csproj", "{809E2C9E-8ACD-40D5-86C8-43256C3D8AA8}"
EndProject
Project("{2150E333-8FDC-42A3-9474-1A3956D46DE8}") = "Solution Items", "Solution Items", "{06C083C9-EA81-4321-908A-C8CFCF273E73}"
	ProjectSection(SolutionItems) = preProject
		.gitignore = .gitignore
		Directory.Build.props = Directory.Build.props
		Directory.Build.targets = Directory.Build.targets
		LocalUnitTestRun.bat = LocalUnitTestRun.bat
		readme.md = readme.md
	EndProjectSection
EndProject
Project("{9A19103F-16F7-4668-BE54-9A1E7A4F7556}") = "Fohjin.DDD.Common", "Fohjin.DDD.Common\Fohjin.DDD.Common.csproj", "{EDC737EE-F959-4F18-99D0-C212B9AEA153}"
EndProject
Project("{9A19103F-16F7-4668-BE54-9A1E7A4F7556}") = "Fohjin.DDD.Abstractions", "Fohjin.DDD.Abstractions\Fohjin.DDD.Abstractions.csproj", "{0F98118F-7546-4F24-B808-0973D16D0D62}"
EndProject
Project("{9A19103F-16F7-4668-BE54-9A1E7A4F7556}") = "Fohjin.DDD.Domain", "Fohjin.DDD.Domain\Fohjin.DDD.Domain.csproj", "{BD1449AE-CDFC-496A-968A-4B178B0B813C}"
EndProject
Project("{9A19103F-16F7-4668-BE54-9A1E7A4F7556}") = "Fohjin.DDD.BankApplication.Core", "Fohjin.DDD.BankApplication.Core\Fohjin.DDD.BankApplication.Core.csproj", "{49344CD2-6EFB-4A12-8619-8DDD00EC31EC}"
EndProject
Project("{FAE04EC0-301F-11D3-BF4B-00C04F79EFBC}") = "Fohjin.DDD.WebApi", "Fohjin.DDD.WebApi\Fohjin.DDD.WebApi.csproj", "{EB5D12B2-5780-4587-8953-D858BDF64223}"
EndProject
Project("{FAE04EC0-301F-11D3-BF4B-00C04F79EFBC}") = "Fohjin.DDD.ApiClient", "Fohjin.DDD.ApiClient\Fohjin.DDD.ApiClient.csproj", "{A057E36A-B431-4568-846F-C005938BABCC}"
EndProject
Project("{FAE04EC0-301F-11D3-BF4B-00C04F79EFBC}") = "Test.Fohjin.DDD.ApiClient", "Test.Fohjin.DDD.ApiClient\Test.Fohjin.DDD.ApiClient.csproj", "{2824A23B-9447-48FF-9CC1-A4E53A6A08F3}"
EndProject
Project("{FAE04EC0-301F-11D3-BF4B-00C04F79EFBC}") = "Fohjin.DDD.Sts", "Fohjin.DDD.Sts\Fohjin.DDD.Sts.csproj", "{2947F14B-F082-446A-9F4B-09F8944CB6AD}"
EndProject
Project("{FAE04EC0-301F-11D3-BF4B-00C04F79EFBC}") = "Test.Fohjin.DDD.BankApplication.UI", "Test.Fohjin.DDD.BankApplication.UI\Test.Fohjin.DDD.BankApplication.UI.csproj", "{4D611979-5FE0-4088-B7DA-D99FFB4D4D16}"
EndProject
Project("{FAE04EC0-301F-11D3-BF4B-00C04F79EFBC}") = "Fohjin.DDD.AppHost", "Fohjin.DDD.AppHost\Fohjin.DDD.AppHost.csproj", "{ED408572-6C11-452A-B0F2-D997D8D265C4}"
EndProject
Project("{FAE04EC0-301F-11D3-BF4B-00C04F79EFBC}") = "Fohjin.DDD.ServiceDefaults", "Fohjin.DDD.ServiceDefaults\Fohjin.DDD.ServiceDefaults.csproj", "{511F21DC-7014-4D66-8426-7578448D8D43}"
EndProject
Global
	GlobalSection(SolutionConfigurationPlatforms) = preSolution
		Debug|Any CPU = Debug|Any CPU
		Debug|x64 = Debug|x64
		Debug|x86 = Debug|x86
		Release|Any CPU = Release|Any CPU
		Release|x64 = Release|x64
		Release|x86 = Release|x86
	EndGlobalSection
	GlobalSection(ProjectConfigurationPlatforms) = postSolution
		{0E86D5C6-929D-4304-A00D-ADC9FB2AFE77}.Debug|Any CPU.ActiveCfg = Debug|Any CPU
		{0E86D5C6-929D-4304-A00D-ADC9FB2AFE77}.Debug|Any CPU.Build.0 = Debug|Any CPU
		{0E86D5C6-929D-4304-A00D-ADC9FB2AFE77}.Debug|x64.ActiveCfg = Debug|Any CPU
		{0E86D5C6-929D-4304-A00D-ADC9FB2AFE77}.Debug|x64.Build.0 = Debug|Any CPU
		{0E86D5C6-929D-4304-A00D-ADC9FB2AFE77}.Debug|x86.ActiveCfg = Debug|Any CPU
		{0E86D5C6-929D-4304-A00D-ADC9FB2AFE77}.Debug|x86.Build.0 = Debug|Any CPU
		{0E86D5C6-929D-4304-A00D-ADC9FB2AFE77}.Release|Any CPU.ActiveCfg = Release|Any CPU
		{0E86D5C6-929D-4304-A00D-ADC9FB2AFE77}.Release|Any CPU.Build.0 = Release|Any CPU
		{0E86D5C6-929D-4304-A00D-ADC9FB2AFE77}.Release|x64.ActiveCfg = Release|Any CPU
		{0E86D5C6-929D-4304-A00D-ADC9FB2AFE77}.Release|x64.Build.0 = Release|Any CPU
		{0E86D5C6-929D-4304-A00D-ADC9FB2AFE77}.Release|x86.ActiveCfg = Release|Any CPU
		{0E86D5C6-929D-4304-A00D-ADC9FB2AFE77}.Release|x86.Build.0 = Release|Any CPU
		{CEBF24CE-3326-464B-B6C5-463E7F4BF4BC}.Debug|Any CPU.ActiveCfg = Debug|Any CPU
		{CEBF24CE-3326-464B-B6C5-463E7F4BF4BC}.Debug|Any CPU.Build.0 = Debug|Any CPU
		{CEBF24CE-3326-464B-B6C5-463E7F4BF4BC}.Debug|x64.ActiveCfg = Debug|Any CPU
		{CEBF24CE-3326-464B-B6C5-463E7F4BF4BC}.Debug|x64.Build.0 = Debug|Any CPU
		{CEBF24CE-3326-464B-B6C5-463E7F4BF4BC}.Debug|x86.ActiveCfg = Debug|Any CPU
		{CEBF24CE-3326-464B-B6C5-463E7F4BF4BC}.Debug|x86.Build.0 = Debug|Any CPU
		{CEBF24CE-3326-464B-B6C5-463E7F4BF4BC}.Release|Any CPU.ActiveCfg = Release|Any CPU
		{CEBF24CE-3326-464B-B6C5-463E7F4BF4BC}.Release|Any CPU.Build.0 = Release|Any CPU
		{CEBF24CE-3326-464B-B6C5-463E7F4BF4BC}.Release|x64.ActiveCfg = Release|Any CPU
		{CEBF24CE-3326-464B-B6C5-463E7F4BF4BC}.Release|x64.Build.0 = Release|Any CPU
		{CEBF24CE-3326-464B-B6C5-463E7F4BF4BC}.Release|x86.ActiveCfg = Release|Any CPU
		{CEBF24CE-3326-464B-B6C5-463E7F4BF4BC}.Release|x86.Build.0 = Release|Any CPU
		{7757DA0F-CD51-4753-95C8-8632177AA60E}.Debug|Any CPU.ActiveCfg = Debug|Any CPU
		{7757DA0F-CD51-4753-95C8-8632177AA60E}.Debug|Any CPU.Build.0 = Debug|Any CPU
		{7757DA0F-CD51-4753-95C8-8632177AA60E}.Debug|x64.ActiveCfg = Debug|Any CPU
		{7757DA0F-CD51-4753-95C8-8632177AA60E}.Debug|x64.Build.0 = Debug|Any CPU
		{7757DA0F-CD51-4753-95C8-8632177AA60E}.Debug|x86.ActiveCfg = Debug|Any CPU
		{7757DA0F-CD51-4753-95C8-8632177AA60E}.Debug|x86.Build.0 = Debug|Any CPU
		{7757DA0F-CD51-4753-95C8-8632177AA60E}.Release|Any CPU.ActiveCfg = Release|Any CPU
		{7757DA0F-CD51-4753-95C8-8632177AA60E}.Release|Any CPU.Build.0 = Release|Any CPU
		{7757DA0F-CD51-4753-95C8-8632177AA60E}.Release|x64.ActiveCfg = Release|Any CPU
		{7757DA0F-CD51-4753-95C8-8632177AA60E}.Release|x64.Build.0 = Release|Any CPU
		{7757DA0F-CD51-4753-95C8-8632177AA60E}.Release|x86.ActiveCfg = Release|Any CPU
		{7757DA0F-CD51-4753-95C8-8632177AA60E}.Release|x86.Build.0 = Release|Any CPU
		{CF50373D-3EB9-492D-A88F-70D7D6756DFF}.Debug|Any CPU.ActiveCfg = Debug|Any CPU
		{CF50373D-3EB9-492D-A88F-70D7D6756DFF}.Debug|Any CPU.Build.0 = Debug|Any CPU
		{CF50373D-3EB9-492D-A88F-70D7D6756DFF}.Debug|x64.ActiveCfg = Debug|Any CPU
		{CF50373D-3EB9-492D-A88F-70D7D6756DFF}.Debug|x64.Build.0 = Debug|Any CPU
		{CF50373D-3EB9-492D-A88F-70D7D6756DFF}.Debug|x86.ActiveCfg = Debug|Any CPU
		{CF50373D-3EB9-492D-A88F-70D7D6756DFF}.Debug|x86.Build.0 = Debug|Any CPU
		{CF50373D-3EB9-492D-A88F-70D7D6756DFF}.Release|Any CPU.ActiveCfg = Release|Any CPU
		{CF50373D-3EB9-492D-A88F-70D7D6756DFF}.Release|Any CPU.Build.0 = Release|Any CPU
		{CF50373D-3EB9-492D-A88F-70D7D6756DFF}.Release|x64.ActiveCfg = Release|Any CPU
		{CF50373D-3EB9-492D-A88F-70D7D6756DFF}.Release|x64.Build.0 = Release|Any CPU
		{CF50373D-3EB9-492D-A88F-70D7D6756DFF}.Release|x86.ActiveCfg = Release|Any CPU
		{CF50373D-3EB9-492D-A88F-70D7D6756DFF}.Release|x86.Build.0 = Release|Any CPU
		{672A4AB0-6972-49F1-86A6-C2B7DE5AD4D4}.Debug|Any CPU.ActiveCfg = Debug|Any CPU
		{672A4AB0-6972-49F1-86A6-C2B7DE5AD4D4}.Debug|Any CPU.Build.0 = Debug|Any CPU
		{672A4AB0-6972-49F1-86A6-C2B7DE5AD4D4}.Debug|x64.ActiveCfg = Debug|Any CPU
		{672A4AB0-6972-49F1-86A6-C2B7DE5AD4D4}.Debug|x64.Build.0 = Debug|Any CPU
		{672A4AB0-6972-49F1-86A6-C2B7DE5AD4D4}.Debug|x86.ActiveCfg = Debug|Any CPU
		{672A4AB0-6972-49F1-86A6-C2B7DE5AD4D4}.Debug|x86.Build.0 = Debug|Any CPU
		{672A4AB0-6972-49F1-86A6-C2B7DE5AD4D4}.Release|Any CPU.ActiveCfg = Release|Any CPU
		{672A4AB0-6972-49F1-86A6-C2B7DE5AD4D4}.Release|Any CPU.Build.0 = Release|Any CPU
		{672A4AB0-6972-49F1-86A6-C2B7DE5AD4D4}.Release|x64.ActiveCfg = Release|Any CPU
		{672A4AB0-6972-49F1-86A6-C2B7DE5AD4D4}.Release|x64.Build.0 = Release|Any CPU
		{672A4AB0-6972-49F1-86A6-C2B7DE5AD4D4}.Release|x86.ActiveCfg = Release|Any CPU
		{672A4AB0-6972-49F1-86A6-C2B7DE5AD4D4}.Release|x86.Build.0 = Release|Any CPU
		{2A96D452-7D1D-4118-B3D4-8EF543D1FBCB}.Debug|Any CPU.ActiveCfg = Debug|Any CPU
		{2A96D452-7D1D-4118-B3D4-8EF543D1FBCB}.Debug|Any CPU.Build.0 = Debug|Any CPU
		{2A96D452-7D1D-4118-B3D4-8EF543D1FBCB}.Debug|x64.ActiveCfg = Debug|Any CPU
		{2A96D452-7D1D-4118-B3D4-8EF543D1FBCB}.Debug|x64.Build.0 = Debug|Any CPU
		{2A96D452-7D1D-4118-B3D4-8EF543D1FBCB}.Debug|x86.ActiveCfg = Debug|Any CPU
		{2A96D452-7D1D-4118-B3D4-8EF543D1FBCB}.Debug|x86.Build.0 = Debug|Any CPU
		{2A96D452-7D1D-4118-B3D4-8EF543D1FBCB}.Release|Any CPU.ActiveCfg = Release|Any CPU
		{2A96D452-7D1D-4118-B3D4-8EF543D1FBCB}.Release|Any CPU.Build.0 = Release|Any CPU
		{2A96D452-7D1D-4118-B3D4-8EF543D1FBCB}.Release|x64.ActiveCfg = Release|Any CPU
		{2A96D452-7D1D-4118-B3D4-8EF543D1FBCB}.Release|x64.Build.0 = Release|Any CPU
		{2A96D452-7D1D-4118-B3D4-8EF543D1FBCB}.Release|x86.ActiveCfg = Release|Any CPU
		{2A96D452-7D1D-4118-B3D4-8EF543D1FBCB}.Release|x86.Build.0 = Release|Any CPU
		{8DE1C044-594E-4A85-8244-FE059BF4825B}.Debug|Any CPU.ActiveCfg = Debug|Any CPU
		{8DE1C044-594E-4A85-8244-FE059BF4825B}.Debug|Any CPU.Build.0 = Debug|Any CPU
		{8DE1C044-594E-4A85-8244-FE059BF4825B}.Debug|x64.ActiveCfg = Debug|Any CPU
		{8DE1C044-594E-4A85-8244-FE059BF4825B}.Debug|x64.Build.0 = Debug|Any CPU
		{8DE1C044-594E-4A85-8244-FE059BF4825B}.Debug|x86.ActiveCfg = Debug|Any CPU
		{8DE1C044-594E-4A85-8244-FE059BF4825B}.Debug|x86.Build.0 = Debug|Any CPU
		{8DE1C044-594E-4A85-8244-FE059BF4825B}.Release|Any CPU.ActiveCfg = Release|Any CPU
		{8DE1C044-594E-4A85-8244-FE059BF4825B}.Release|Any CPU.Build.0 = Release|Any CPU
		{8DE1C044-594E-4A85-8244-FE059BF4825B}.Release|x64.ActiveCfg = Release|Any CPU
		{8DE1C044-594E-4A85-8244-FE059BF4825B}.Release|x64.Build.0 = Release|Any CPU
		{8DE1C044-594E-4A85-8244-FE059BF4825B}.Release|x86.ActiveCfg = Release|Any CPU
		{8DE1C044-594E-4A85-8244-FE059BF4825B}.Release|x86.Build.0 = Release|Any CPU
		{B2428304-1BF2-4BCB-B250-7D09E536560A}.Debug|Any CPU.ActiveCfg = Debug|Any CPU
		{B2428304-1BF2-4BCB-B250-7D09E536560A}.Debug|Any CPU.Build.0 = Debug|Any CPU
		{B2428304-1BF2-4BCB-B250-7D09E536560A}.Debug|x64.ActiveCfg = Debug|Any CPU
		{B2428304-1BF2-4BCB-B250-7D09E536560A}.Debug|x64.Build.0 = Debug|Any CPU
		{B2428304-1BF2-4BCB-B250-7D09E536560A}.Debug|x86.ActiveCfg = Debug|Any CPU
		{B2428304-1BF2-4BCB-B250-7D09E536560A}.Debug|x86.Build.0 = Debug|Any CPU
		{B2428304-1BF2-4BCB-B250-7D09E536560A}.Release|Any CPU.ActiveCfg = Release|Any CPU
		{B2428304-1BF2-4BCB-B250-7D09E536560A}.Release|Any CPU.Build.0 = Release|Any CPU
		{B2428304-1BF2-4BCB-B250-7D09E536560A}.Release|x64.ActiveCfg = Release|Any CPU
		{B2428304-1BF2-4BCB-B250-7D09E536560A}.Release|x64.Build.0 = Release|Any CPU
		{B2428304-1BF2-4BCB-B250-7D09E536560A}.Release|x86.ActiveCfg = Release|Any CPU
		{B2428304-1BF2-4BCB-B250-7D09E536560A}.Release|x86.Build.0 = Release|Any CPU
		{318F1FE0-DA43-4A02-9956-361C9FE96915}.Debug|Any CPU.ActiveCfg = Debug|Any CPU
		{318F1FE0-DA43-4A02-9956-361C9FE96915}.Debug|Any CPU.Build.0 = Debug|Any CPU
		{318F1FE0-DA43-4A02-9956-361C9FE96915}.Debug|x64.ActiveCfg = Debug|Any CPU
		{318F1FE0-DA43-4A02-9956-361C9FE96915}.Debug|x64.Build.0 = Debug|Any CPU
		{318F1FE0-DA43-4A02-9956-361C9FE96915}.Debug|x86.ActiveCfg = Debug|Any CPU
		{318F1FE0-DA43-4A02-9956-361C9FE96915}.Debug|x86.Build.0 = Debug|Any CPU
		{318F1FE0-DA43-4A02-9956-361C9FE96915}.Release|Any CPU.ActiveCfg = Release|Any CPU
		{318F1FE0-DA43-4A02-9956-361C9FE96915}.Release|Any CPU.Build.0 = Release|Any CPU
		{318F1FE0-DA43-4A02-9956-361C9FE96915}.Release|x64.ActiveCfg = Release|Any CPU
		{318F1FE0-DA43-4A02-9956-361C9FE96915}.Release|x64.Build.0 = Release|Any CPU
		{318F1FE0-DA43-4A02-9956-361C9FE96915}.Release|x86.ActiveCfg = Release|Any CPU
		{318F1FE0-DA43-4A02-9956-361C9FE96915}.Release|x86.Build.0 = Release|Any CPU
		{809E2C9E-8ACD-40D5-86C8-43256C3D8AA8}.Debug|Any CPU.ActiveCfg = Debug|Any CPU
		{809E2C9E-8ACD-40D5-86C8-43256C3D8AA8}.Debug|Any CPU.Build.0 = Debug|Any CPU
		{809E2C9E-8ACD-40D5-86C8-43256C3D8AA8}.Debug|x64.ActiveCfg = Debug|Any CPU
		{809E2C9E-8ACD-40D5-86C8-43256C3D8AA8}.Debug|x64.Build.0 = Debug|Any CPU
		{809E2C9E-8ACD-40D5-86C8-43256C3D8AA8}.Debug|x86.ActiveCfg = Debug|Any CPU
		{809E2C9E-8ACD-40D5-86C8-43256C3D8AA8}.Debug|x86.Build.0 = Debug|Any CPU
		{809E2C9E-8ACD-40D5-86C8-43256C3D8AA8}.Release|Any CPU.ActiveCfg = Release|Any CPU
		{809E2C9E-8ACD-40D5-86C8-43256C3D8AA8}.Release|Any CPU.Build.0 = Release|Any CPU
		{809E2C9E-8ACD-40D5-86C8-43256C3D8AA8}.Release|x64.ActiveCfg = Release|Any CPU
		{809E2C9E-8ACD-40D5-86C8-43256C3D8AA8}.Release|x64.Build.0 = Release|Any CPU
		{809E2C9E-8ACD-40D5-86C8-43256C3D8AA8}.Release|x86.ActiveCfg = Release|Any CPU
		{809E2C9E-8ACD-40D5-86C8-43256C3D8AA8}.Release|x86.Build.0 = Release|Any CPU
		{EDC737EE-F959-4F18-99D0-C212B9AEA153}.Debug|Any CPU.ActiveCfg = Debug|Any CPU
		{EDC737EE-F959-4F18-99D0-C212B9AEA153}.Debug|Any CPU.Build.0 = Debug|Any CPU
		{EDC737EE-F959-4F18-99D0-C212B9AEA153}.Debug|x64.ActiveCfg = Debug|Any CPU
		{EDC737EE-F959-4F18-99D0-C212B9AEA153}.Debug|x64.Build.0 = Debug|Any CPU
		{EDC737EE-F959-4F18-99D0-C212B9AEA153}.Debug|x86.ActiveCfg = Debug|Any CPU
		{EDC737EE-F959-4F18-99D0-C212B9AEA153}.Debug|x86.Build.0 = Debug|Any CPU
		{EDC737EE-F959-4F18-99D0-C212B9AEA153}.Release|Any CPU.ActiveCfg = Release|Any CPU
		{EDC737EE-F959-4F18-99D0-C212B9AEA153}.Release|Any CPU.Build.0 = Release|Any CPU
		{EDC737EE-F959-4F18-99D0-C212B9AEA153}.Release|x64.ActiveCfg = Release|Any CPU
		{EDC737EE-F959-4F18-99D0-C212B9AEA153}.Release|x64.Build.0 = Release|Any CPU
		{EDC737EE-F959-4F18-99D0-C212B9AEA153}.Release|x86.ActiveCfg = Release|Any CPU
		{EDC737EE-F959-4F18-99D0-C212B9AEA153}.Release|x86.Build.0 = Release|Any CPU
		{0F98118F-7546-4F24-B808-0973D16D0D62}.Debug|Any CPU.ActiveCfg = Debug|Any CPU
		{0F98118F-7546-4F24-B808-0973D16D0D62}.Debug|Any CPU.Build.0 = Debug|Any CPU
		{0F98118F-7546-4F24-B808-0973D16D0D62}.Debug|x64.ActiveCfg = Debug|Any CPU
		{0F98118F-7546-4F24-B808-0973D16D0D62}.Debug|x64.Build.0 = Debug|Any CPU
		{0F98118F-7546-4F24-B808-0973D16D0D62}.Debug|x86.ActiveCfg = Debug|Any CPU
		{0F98118F-7546-4F24-B808-0973D16D0D62}.Debug|x86.Build.0 = Debug|Any CPU
		{0F98118F-7546-4F24-B808-0973D16D0D62}.Release|Any CPU.ActiveCfg = Release|Any CPU
		{0F98118F-7546-4F24-B808-0973D16D0D62}.Release|Any CPU.Build.0 = Release|Any CPU
		{0F98118F-7546-4F24-B808-0973D16D0D62}.Release|x64.ActiveCfg = Release|Any CPU
		{0F98118F-7546-4F24-B808-0973D16D0D62}.Release|x64.Build.0 = Release|Any CPU
		{0F98118F-7546-4F24-B808-0973D16D0D62}.Release|x86.ActiveCfg = Release|Any CPU
		{0F98118F-7546-4F24-B808-0973D16D0D62}.Release|x86.Build.0 = Release|Any CPU
		{BD1449AE-CDFC-496A-968A-4B178B0B813C}.Debug|Any CPU.ActiveCfg = Debug|Any CPU
		{BD1449AE-CDFC-496A-968A-4B178B0B813C}.Debug|Any CPU.Build.0 = Debug|Any CPU
		{BD1449AE-CDFC-496A-968A-4B178B0B813C}.Debug|x64.ActiveCfg = Debug|Any CPU
		{BD1449AE-CDFC-496A-968A-4B178B0B813C}.Debug|x64.Build.0 = Debug|Any CPU
		{BD1449AE-CDFC-496A-968A-4B178B0B813C}.Debug|x86.ActiveCfg = Debug|Any CPU
		{BD1449AE-CDFC-496A-968A-4B178B0B813C}.Debug|x86.Build.0 = Debug|Any CPU
		{BD1449AE-CDFC-496A-968A-4B178B0B813C}.Release|Any CPU.ActiveCfg = Release|Any CPU
		{BD1449AE-CDFC-496A-968A-4B178B0B813C}.Release|Any CPU.Build.0 = Release|Any CPU
		{BD1449AE-CDFC-496A-968A-4B178B0B813C}.Release|x64.ActiveCfg = Release|Any CPU
		{BD1449AE-CDFC-496A-968A-4B178B0B813C}.Release|x64.Build.0 = Release|Any CPU
		{BD1449AE-CDFC-496A-968A-4B178B0B813C}.Release|x86.ActiveCfg = Release|Any CPU
		{BD1449AE-CDFC-496A-968A-4B178B0B813C}.Release|x86.Build.0 = Release|Any CPU
		{49344CD2-6EFB-4A12-8619-8DDD00EC31EC}.Debug|Any CPU.ActiveCfg = Debug|Any CPU
		{49344CD2-6EFB-4A12-8619-8DDD00EC31EC}.Debug|Any CPU.Build.0 = Debug|Any CPU
		{49344CD2-6EFB-4A12-8619-8DDD00EC31EC}.Debug|x64.ActiveCfg = Debug|Any CPU
		{49344CD2-6EFB-4A12-8619-8DDD00EC31EC}.Debug|x64.Build.0 = Debug|Any CPU
		{49344CD2-6EFB-4A12-8619-8DDD00EC31EC}.Debug|x86.ActiveCfg = Debug|Any CPU
		{49344CD2-6EFB-4A12-8619-8DDD00EC31EC}.Debug|x86.Build.0 = Debug|Any CPU
		{49344CD2-6EFB-4A12-8619-8DDD00EC31EC}.Release|Any CPU.ActiveCfg = Release|Any CPU
		{49344CD2-6EFB-4A12-8619-8DDD00EC31EC}.Release|Any CPU.Build.0 = Release|Any CPU
		{49344CD2-6EFB-4A12-8619-8DDD00EC31EC}.Release|x64.ActiveCfg = Release|Any CPU
		{49344CD2-6EFB-4A12-8619-8DDD00EC31EC}.Release|x64.Build.0 = Release|Any CPU
		{49344CD2-6EFB-4A12-8619-8DDD00EC31EC}.Release|x86.ActiveCfg = Release|Any CPU
		{49344CD2-6EFB-4A12-8619-8DDD00EC31EC}.Release|x86.Build.0 = Release|Any CPU
		{EB5D12B2-5780-4587-8953-D858BDF64223}.Debug|Any CPU.ActiveCfg = Debug|Any CPU
		{EB5D12B2-5780-4587-8953-D858BDF64223}.Debug|Any CPU.Build.0 = Debug|Any CPU
		{EB5D12B2-5780-4587-8953-D858BDF64223}.Debug|x64.ActiveCfg = Debug|Any CPU
		{EB5D12B2-5780-4587-8953-D858BDF64223}.Debug|x64.Build.0 = Debug|Any CPU
		{EB5D12B2-5780-4587-8953-D858BDF64223}.Debug|x86.ActiveCfg = Debug|Any CPU
		{EB5D12B2-5780-4587-8953-D858BDF64223}.Debug|x86.Build.0 = Debug|Any CPU
		{EB5D12B2-5780-4587-8953-D858BDF64223}.Release|Any CPU.ActiveCfg = Release|Any CPU
		{EB5D12B2-5780-4587-8953-D858BDF64223}.Release|Any CPU.Build.0 = Release|Any CPU
		{EB5D12B2-5780-4587-8953-D858BDF64223}.Release|x64.ActiveCfg = Release|Any CPU
		{EB5D12B2-5780-4587-8953-D858BDF64223}.Release|x64.Build.0 = Release|Any CPU
		{EB5D12B2-5780-4587-8953-D858BDF64223}.Release|x86.ActiveCfg = Release|Any CPU
		{EB5D12B2-5780-4587-8953-D858BDF64223}.Release|x86.Build.0 = Release|Any CPU
		{A057E36A-B431-4568-846F-C005938BABCC}.Debug|Any CPU.ActiveCfg = Debug|Any CPU
		{A057E36A-B431-4568-846F-C005938BABCC}.Debug|Any CPU.Build.0 = Debug|Any CPU
		{A057E36A-B431-4568-846F-C005938BABCC}.Debug|x64.ActiveCfg = Debug|Any CPU
		{A057E36A-B431-4568-846F-C005938BABCC}.Debug|x64.Build.0 = Debug|Any CPU
		{A057E36A-B431-4568-846F-C005938BABCC}.Debug|x86.ActiveCfg = Debug|Any CPU
		{A057E36A-B431-4568-846F-C005938BABCC}.Debug|x86.Build.0 = Debug|Any CPU
		{A057E36A-B431-4568-846F-C005938BABCC}.Release|Any CPU.ActiveCfg = Release|Any CPU
		{A057E36A-B431-4568-846F-C005938BABCC}.Release|Any CPU.Build.0 = Release|Any CPU
		{A057E36A-B431-4568-846F-C005938BABCC}.Release|x64.ActiveCfg = Release|Any CPU
		{A057E36A-B431-4568-846F-C005938BABCC}.Release|x64.Build.0 = Release|Any CPU
		{A057E36A-B431-4568-846F-C005938BABCC}.Release|x86.ActiveCfg = Release|Any CPU
		{A057E36A-B431-4568-846F-C005938BABCC}.Release|x86.Build.0 = Release|Any CPU
		{2824A23B-9447-48FF-9CC1-A4E53A6A08F3}.Debug|Any CPU.ActiveCfg = Debug|Any CPU
		{2824A23B-9447-48FF-9CC1-A4E53A6A08F3}.Debug|Any CPU.Build.0 = Debug|Any CPU
		{2824A23B-9447-48FF-9CC1-A4E53A6A08F3}.Debug|x64.ActiveCfg = Debug|Any CPU
		{2824A23B-9447-48FF-9CC1-A4E53A6A08F3}.Debug|x64.Build.0 = Debug|Any CPU
		{2824A23B-9447-48FF-9CC1-A4E53A6A08F3}.Debug|x86.ActiveCfg = Debug|Any CPU
		{2824A23B-9447-48FF-9CC1-A4E53A6A08F3}.Debug|x86.Build.0 = Debug|Any CPU
		{2824A23B-9447-48FF-9CC1-A4E53A6A08F3}.Release|Any CPU.ActiveCfg = Release|Any CPU
		{2824A23B-9447-48FF-9CC1-A4E53A6A08F3}.Release|Any CPU.Build.0 = Release|Any CPU
		{2824A23B-9447-48FF-9CC1-A4E53A6A08F3}.Release|x64.ActiveCfg = Release|Any CPU
		{2824A23B-9447-48FF-9CC1-A4E53A6A08F3}.Release|x64.Build.0 = Release|Any CPU
		{2824A23B-9447-48FF-9CC1-A4E53A6A08F3}.Release|x86.ActiveCfg = Release|Any CPU
		{2824A23B-9447-48FF-9CC1-A4E53A6A08F3}.Release|x86.Build.0 = Release|Any CPU
		{2947F14B-F082-446A-9F4B-09F8944CB6AD}.Debug|Any CPU.ActiveCfg = Debug|Any CPU
		{2947F14B-F082-446A-9F4B-09F8944CB6AD}.Debug|Any CPU.Build.0 = Debug|Any CPU
		{2947F14B-F082-446A-9F4B-09F8944CB6AD}.Debug|x64.ActiveCfg = Debug|Any CPU
		{2947F14B-F082-446A-9F4B-09F8944CB6AD}.Debug|x64.Build.0 = Debug|Any CPU
		{2947F14B-F082-446A-9F4B-09F8944CB6AD}.Debug|x86.ActiveCfg = Debug|Any CPU
		{2947F14B-F082-446A-9F4B-09F8944CB6AD}.Debug|x86.Build.0 = Debug|Any CPU
		{2947F14B-F082-446A-9F4B-09F8944CB6AD}.Release|Any CPU.ActiveCfg = Release|Any CPU
		{2947F14B-F082-446A-9F4B-09F8944CB6AD}.Release|Any CPU.Build.0 = Release|Any CPU
		{2947F14B-F082-446A-9F4B-09F8944CB6AD}.Release|x64.ActiveCfg = Release|Any CPU
		{2947F14B-F082-446A-9F4B-09F8944CB6AD}.Release|x64.Build.0 = Release|Any CPU
		{2947F14B-F082-446A-9F4B-09F8944CB6AD}.Release|x86.ActiveCfg = Release|Any CPU
		{2947F14B-F082-446A-9F4B-09F8944CB6AD}.Release|x86.Build.0 = Release|Any CPU
		{4D611979-5FE0-4088-B7DA-D99FFB4D4D16}.Debug|Any CPU.ActiveCfg = Debug|Any CPU
		{4D611979-5FE0-4088-B7DA-D99FFB4D4D16}.Debug|Any CPU.Build.0 = Debug|Any CPU
		{4D611979-5FE0-4088-B7DA-D99FFB4D4D16}.Debug|x64.ActiveCfg = Debug|Any CPU
		{4D611979-5FE0-4088-B7DA-D99FFB4D4D16}.Debug|x64.Build.0 = Debug|Any CPU
		{4D611979-5FE0-4088-B7DA-D99FFB4D4D16}.Debug|x86.ActiveCfg = Debug|Any CPU
		{4D611979-5FE0-4088-B7DA-D99FFB4D4D16}.Debug|x86.Build.0 = Debug|Any CPU
		{4D611979-5FE0-4088-B7DA-D99FFB4D4D16}.Release|Any CPU.ActiveCfg = Release|Any CPU
		{4D611979-5FE0-4088-B7DA-D99FFB4D4D16}.Release|Any CPU.Build.0 = Release|Any CPU
		{4D611979-5FE0-4088-B7DA-D99FFB4D4D16}.Release|x64.ActiveCfg = Release|Any CPU
		{4D611979-5FE0-4088-B7DA-D99FFB4D4D16}.Release|x64.Build.0 = Release|Any CPU
		{4D611979-5FE0-4088-B7DA-D99FFB4D4D16}.Release|x86.ActiveCfg = Release|Any CPU
		{4D611979-5FE0-4088-B7DA-D99FFB4D4D16}.Release|x86.Build.0 = Release|Any CPU
		{ED408572-6C11-452A-B0F2-D997D8D265C4}.Debug|Any CPU.ActiveCfg = Debug|Any CPU
		{ED408572-6C11-452A-B0F2-D997D8D265C4}.Debug|Any CPU.Build.0 = Debug|Any CPU
		{ED408572-6C11-452A-B0F2-D997D8D265C4}.Debug|x64.ActiveCfg = Debug|Any CPU
		{ED408572-6C11-452A-B0F2-D997D8D265C4}.Debug|x64.Build.0 = Debug|Any CPU
		{ED408572-6C11-452A-B0F2-D997D8D265C4}.Debug|x86.ActiveCfg = Debug|Any CPU
		{ED408572-6C11-452A-B0F2-D997D8D265C4}.Debug|x86.Build.0 = Debug|Any CPU
		{ED408572-6C11-452A-B0F2-D997D8D265C4}.Release|Any CPU.ActiveCfg = Release|Any CPU
		{ED408572-6C11-452A-B0F2-D997D8D265C4}.Release|Any CPU.Build.0 = Release|Any CPU
		{ED408572-6C11-452A-B0F2-D997D8D265C4}.Release|x64.ActiveCfg = Release|Any CPU
		{ED408572-6C11-452A-B0F2-D997D8D265C4}.Release|x64.Build.0 = Release|Any CPU
		{ED408572-6C11-452A-B0F2-D997D8D265C4}.Release|x86.ActiveCfg = Release|Any CPU
		{ED408572-6C11-452A-B0F2-D997D8D265C4}.Release|x86.Build.0 = Release|Any CPU
		{511F21DC-7014-4D66-8426-7578448D8D43}.Debug|Any CPU.ActiveCfg = Debug|Any CPU
		{511F21DC-7014-4D66-8426-7578448D8D43}.Debug|Any CPU.Build.0 = Debug|Any CPU
		{511F21DC-7014-4D66-8426-7578448D8D43}.Debug|x64.ActiveCfg = Debug|Any CPU
		{511F21DC-7014-4D66-8426-7578448D8D43}.Debug|x64.Build.0 = Debug|Any CPU
		{511F21DC-7014-4D66-8426-7578448D8D43}.Debug|x86.ActiveCfg = Debug|Any CPU
		{511F21DC-7014-4D66-8426-7578448D8D43}.Debug|x86.Build.0 = Debug|Any CPU
		{511F21DC-7014-4D66-8426-7578448D8D43}.Release|Any CPU.ActiveCfg = Release|Any CPU
		{511F21DC-7014-4D66-8426-7578448D8D43}.Release|Any CPU.Build.0 = Release|Any CPU
		{511F21DC-7014-4D66-8426-7578448D8D43}.Release|x64.ActiveCfg = Release|Any CPU
		{511F21DC-7014-4D66-8426-7578448D8D43}.Release|x64.Build.0 = Release|Any CPU
		{511F21DC-7014-4D66-8426-7578448D8D43}.Release|x86.ActiveCfg = Release|Any CPU
		{511F21DC-7014-4D66-8426-7578448D8D43}.Release|x86.Build.0 = Release|Any CPU
	EndGlobalSection
	GlobalSection(SolutionProperties) = preSolution
		HideSolutionNode = FALSE
	EndGlobalSection
	GlobalSection(ExtensibilityGlobals) = postSolution
		SolutionGuid = {7A04D515-6EA3-4D21-B36A-5501D6A11ADF}
	EndGlobalSection
EndGlobal
